
Microsoft Visual Studio Solution File, Format Version 12.00
# Visual Studio Version 17
VisualStudioVersion = 17.7.34202.233
MinimumVisualStudioVersion = 10.0.40219.1
Project("{FAE04EC0-301F-11D3-BF4B-00C04F79EFBC}") = "ActiveMQ_ConsumerClient", "ActiveMQ_ConsumerClient.csproj", "{4D495ED6-9151-4A80-B0F5-D4C26ABEC79E}"
EndProject
Global
	GlobalSection(SolutionConfigurationPlatforms) = preSolution
		Debug|Any CPU = Debug|Any CPU
		Release|Any CPU = Release|Any CPU
	EndGlobalSection
	GlobalSection(ProjectConfigurationPlatforms) = postSolution
		{4D495ED6-9151-4A80-B0F5-D4C26ABEC79E}.Debug|Any CPU.ActiveCfg = Debug|Any CPU
		{4D495ED6-9151-4A80-B0F5-D4C26ABEC79E}.Debug|Any CPU.Build.0 = Debug|Any CPU
		{4D495ED6-9151-4A80-B0F5-D4C26ABEC79E}.Release|Any CPU.ActiveCfg = Release|Any CPU
		{4D495ED6-9151-4A80-B0F5-D4C26ABEC79E}.Release|Any CPU.Build.0 = Release|Any CPU
	EndGlobalSection
	GlobalSection(SolutionProperties) = preSolution
		HideSolutionNode = FALSE
	EndGlobalSection
	GlobalSection(ExtensibilityGlobals) = postSolution
		SolutionGuid = {9FD536E6-C93C-4AD7-AB3D-FF99EBABB5A3}
	EndGlobalSection
EndGlobal
